
Microsoft Visual Studio Solution File, Format Version 12.00
# Visual Studio 15
VisualStudioVersion = 15.0.28307.489
MinimumVisualStudioVersion = 10.0.40219.1
Project("{FAE04EC0-301F-11D3-BF4B-00C04F79EFBC}") = "Covid19Sim", "WindowsFormsApp1\Covid19Sim.csproj", "{7FDCF66C-8754-44FB-B88F-5DF04C509020}"
EndProject
Global
	GlobalSection(SolutionConfigurationPlatforms) = preSolution
		Debug|Any CPU = Debug|Any CPU
		Release|Any CPU = Release|Any CPU
	EndGlobalSection
	GlobalSection(ProjectConfigurationPlatforms) = postSolution
		{7FDCF66C-8754-44FB-B88F-5DF04C509020}.Debug|Any CPU.ActiveCfg = Debug|Any CPU
		{7FDCF66C-8754-44FB-B88F-5DF04C509020}.Debug|Any CPU.Build.0 = Debug|Any CPU
		{7FDCF66C-8754-44FB-B88F-5DF04C509020}.Release|Any CPU.ActiveCfg = Release|Any CPU
		{7FDCF66C-8754-44FB-B88F-5DF04C509020}.Release|Any CPU.Build.0 = Release|Any CPU
	EndGlobalSection
	GlobalSection(SolutionProperties) = preSolution
		HideSolutionNode = FALSE
	EndGlobalSection
	GlobalSection(ExtensibilityGlobals) = postSolution
		SolutionGuid = {BEE1E6DC-EC4F-4774-840E-ECB7CE3500DB}
	EndGlobalSection
EndGlobal
